
Microsoft Visual Studio Solution File, Format Version 12.00
# Visual Studio Version 16
VisualStudioVersion = 16.0.28803.452
MinimumVisualStudioVersion = 10.0.40219.1
Project("{FAE04EC0-301F-11D3-BF4B-00C04F79EFBC}") = "TestWebApp", "TestWebApp\TestWebApp.csproj", "{23323F9A-EA32-4A2D-A558-30EF9CEFD70F}"
EndProject
Global
	GlobalSection(SolutionConfigurationPlatforms) = preSolution
		Debug|Any CPU = Debug|Any CPU
		Release|Any CPU = Release|Any CPU
	EndGlobalSection
	GlobalSection(ProjectConfigurationPlatforms) = postSolution
		{23323F9A-EA32-4A2D-A558-30EF9CEFD70F}.Debug|Any CPU.ActiveCfg = Debug|Any CPU
		{23323F9A-EA32-4A2D-A558-30EF9CEFD70F}.Debug|Any CPU.Build.0 = Debug|Any CPU
		{23323F9A-EA32-4A2D-A558-30EF9CEFD70F}.Release|Any CPU.ActiveCfg = Release|Any CPU
		{23323F9A-EA32-4A2D-A558-30EF9CEFD70F}.Release|Any CPU.Build.0 = Release|Any CPU
	EndGlobalSection
	GlobalSection(SolutionProperties) = preSolution
		HideSolutionNode = FALSE
	EndGlobalSection
	GlobalSection(ExtensibilityGlobals) = postSolution
		SolutionGuid = {F218E972-C42A-4F72-BEF0-53489B1424EC}
	EndGlobalSection
EndGlobal
